
Microsoft Visual Studio Solution File, Format Version 12.00
# Visual Studio Version 17
VisualStudioVersion = 17.6.33723.286
MinimumVisualStudioVersion = 10.0.40219.1
Project("{FAE04EC0-301F-11D3-BF4B-00C04F79EFBC}") = "E-commerce", "E-commerce\E-commerce.csproj", "{BA633A09-AB8F-47CD-B12D-81E9097AF77E}"
EndProject
Global
	GlobalSection(SolutionConfigurationPlatforms) = preSolution
		Debug|Any CPU = Debug|Any CPU
		Release|Any CPU = Release|Any CPU
	EndGlobalSection
	GlobalSection(ProjectConfigurationPlatforms) = postSolution
		{BA633A09-AB8F-47CD-B12D-81E9097AF77E}.Debug|Any CPU.ActiveCfg = Debug|Any CPU
		{BA633A09-AB8F-47CD-B12D-81E9097AF77E}.Debug|Any CPU.Build.0 = Debug|Any CPU
		{BA633A09-AB8F-47CD-B12D-81E9097AF77E}.Release|Any CPU.ActiveCfg = Release|Any CPU
		{BA633A09-AB8F-47CD-B12D-81E9097AF77E}.Release|Any CPU.Build.0 = Release|Any CPU
	EndGlobalSection
	GlobalSection(SolutionProperties) = preSolution
		HideSolutionNode = FALSE
	EndGlobalSection
	GlobalSection(ExtensibilityGlobals) = postSolution
		SolutionGuid = {3097DA82-7880-425E-92AB-74EF2E651870}
	EndGlobalSection
EndGlobal
